
Microsoft Visual Studio Solution File, Format Version 12.00
# Visual Studio Version 17
VisualStudioVersion = 17.0.31717.71
MinimumVisualStudioVersion = 10.0.40219.1
Project("{FAE04EC0-301F-11D3-BF4B-00C04F79EFBC}") = "BenchmarkChoco", "BenchmarkChoco\BenchmarkChoco.csproj", "{744C96AA-4029-4FF0-A993-F585EEC07EFC}"
EndProject
Project("{FAE04EC0-301F-11D3-BF4B-00C04F79EFBC}") = "BenchmarkChoco.Tests", "BenchmarkChoco.Tests\BenchmarkChoco.Tests.csproj", "{7AA65F02-CF40-4704-BDA2-5C385544E00B}"
EndProject
Project("{FAE04EC0-301F-11D3-BF4B-00C04F79EFBC}") = "BenchmarkChoco.App", "BenchmarkChoco.App\BenchmarkChoco.App.csproj", "{4B51EA76-902B-466C-B018-5979209C8D34}"
EndProject
Global
	GlobalSection(SolutionConfigurationPlatforms) = preSolution
		Debug|Any CPU = Debug|Any CPU
		Debug|x64 = Debug|x64
		Release|Any CPU = Release|Any CPU
		Release|x64 = Release|x64
	EndGlobalSection
	GlobalSection(ProjectConfigurationPlatforms) = postSolution
		{744C96AA-4029-4FF0-A993-F585EEC07EFC}.Debug|Any CPU.ActiveCfg = Debug|Any CPU
		{744C96AA-4029-4FF0-A993-F585EEC07EFC}.Debug|Any CPU.Build.0 = Debug|Any CPU
		{744C96AA-4029-4FF0-A993-F585EEC07EFC}.Debug|x64.ActiveCfg = Debug|x64
		{744C96AA-4029-4FF0-A993-F585EEC07EFC}.Debug|x64.Build.0 = Debug|x64
		{744C96AA-4029-4FF0-A993-F585EEC07EFC}.Release|Any CPU.ActiveCfg = Release|x64
		{744C96AA-4029-4FF0-A993-F585EEC07EFC}.Release|Any CPU.Build.0 = Release|x64
		{744C96AA-4029-4FF0-A993-F585EEC07EFC}.Release|x64.ActiveCfg = Release|x64
		{744C96AA-4029-4FF0-A993-F585EEC07EFC}.Release|x64.Build.0 = Release|x64
		{7AA65F02-CF40-4704-BDA2-5C385544E00B}.Debug|Any CPU.ActiveCfg = Debug|Any CPU
		{7AA65F02-CF40-4704-BDA2-5C385544E00B}.Debug|Any CPU.Build.0 = Debug|Any CPU
		{7AA65F02-CF40-4704-BDA2-5C385544E00B}.Debug|x64.ActiveCfg = Debug|x64
		{7AA65F02-CF40-4704-BDA2-5C385544E00B}.Debug|x64.Build.0 = Debug|x64
		{7AA65F02-CF40-4704-BDA2-5C385544E00B}.Release|Any CPU.ActiveCfg = Release|x64
		{7AA65F02-CF40-4704-BDA2-5C385544E00B}.Release|Any CPU.Build.0 = Release|x64
		{7AA65F02-CF40-4704-BDA2-5C385544E00B}.Release|x64.ActiveCfg = Release|x64
		{7AA65F02-CF40-4704-BDA2-5C385544E00B}.Release|x64.Build.0 = Release|x64
		{4B51EA76-902B-466C-B018-5979209C8D34}.Debug|Any CPU.ActiveCfg = Debug|Any CPU
		{4B51EA76-902B-466C-B018-5979209C8D34}.Debug|Any CPU.Build.0 = Debug|Any CPU
		{4B51EA76-902B-466C-B018-5979209C8D34}.Debug|x64.ActiveCfg = Debug|x64
		{4B51EA76-902B-466C-B018-5979209C8D34}.Debug|x64.Build.0 = Debug|x64
		{4B51EA76-902B-466C-B018-5979209C8D34}.Release|Any CPU.ActiveCfg = Release|x64
		{4B51EA76-902B-466C-B018-5979209C8D34}.Release|Any CPU.Build.0 = Release|x64
		{4B51EA76-902B-466C-B018-5979209C8D34}.Release|x64.ActiveCfg = Release|x64
		{4B51EA76-902B-466C-B018-5979209C8D34}.Release|x64.Build.0 = Release|x64
	EndGlobalSection
	GlobalSection(SolutionProperties) = preSolution
		HideSolutionNode = FALSE
	EndGlobalSection
	GlobalSection(ExtensibilityGlobals) = postSolution
		SolutionGuid = {B4656ED0-7F5B-48BC-88BF-D9C67D3D9817}
	EndGlobalSection
EndGlobal
